// !$*UTF8*$!
{
	archiveVersion = 1;
	classes = {
	};
	objectVersion = 56;
	objects = {

/* Begin PBXBuildFile section */
		B3EB66D829705FEE004F5B32 /* VoidApp.swift in Sources */ = {isa = PBXBuildFile; fileRef = B3EB66D729705FEE004F5B32 /* VoidApp.swift */; };
		B3EB66DC29705FF0004F5B32 /* Assets.xcassets in Resources */ = {isa = PBXBuildFile; fileRef = B3EB66DB29705FF0004F5B32 /* Assets.xcassets */; };
		B3EB66DF29705FF0004F5B32 /* Preview Assets.xcassets in Resources */ = {isa = PBXBuildFile; fileRef = B3EB66DE29705FF0004F5B32 /* Preview Assets.xcassets */; };
		B3EB66E729706135004F5B32 /* FirebaseAnalytics in Frameworks */ = {isa = PBXBuildFile; productRef = B3EB66E629706135004F5B32 /* FirebaseAnalytics */; };
		B3EB66E929706135004F5B32 /* FirebaseAnalyticsSwift in Frameworks */ = {isa = PBXBuildFile; productRef = B3EB66E829706135004F5B32 /* FirebaseAnalyticsSwift */; };
		B3EB66EB29706135004F5B32 /* FirebaseDatabase in Frameworks */ = {isa = PBXBuildFile; productRef = B3EB66EA29706135004F5B32 /* FirebaseDatabase */; };
		B3EB66ED29706135004F5B32 /* FirebaseDatabaseSwift in Frameworks */ = {isa = PBXBuildFile; productRef = B3EB66EC29706135004F5B32 /* FirebaseDatabaseSwift */; };
		B3EB66EF29706135004F5B32 /* FirebaseFirestore in Frameworks */ = {isa = PBXBuildFile; productRef = B3EB66EE29706135004F5B32 /* FirebaseFirestore */; };
		B3EB66F129706135004F5B32 /* FirebaseFirestoreSwift in Frameworks */ = {isa = PBXBuildFile; productRef = B3EB66F029706135004F5B32 /* FirebaseFirestoreSwift */; };
		B3EB66F329706135004F5B32 /* FirebaseStorage in Frameworks */ = {isa = PBXBuildFile; productRef = B3EB66F229706135004F5B32 /* FirebaseStorage */; };
		B3EB66F52970628F004F5B32 /* GoogleService-Info.plist in Resources */ = {isa = PBXBuildFile; fileRef = B3EB66F42970628D004F5B32 /* GoogleService-Info.plist */; };
		B3EB66FA29706402004F5B32 /* Post.swift in Sources */ = {isa = PBXBuildFile; fileRef = B3EB66F929706402004F5B32 /* Post.swift */; };
		B3EB66FC29706428004F5B32 /* PostsList.swift in Sources */ = {isa = PBXBuildFile; fileRef = B3EB66FB29706428004F5B32 /* PostsList.swift */; };
		B3EB66FE29706455004F5B32 /* PostRow.swift in Sources */ = {isa = PBXBuildFile; fileRef = B3EB66FD29706455004F5B32 /* PostRow.swift */; };
		B3EB670029706A25004F5B32 /* NewPostForm.swift in Sources */ = {isa = PBXBuildFile; fileRef = B3EB66FF29706A25004F5B32 /* NewPostForm.swift */; };
		B3EB670329706AA1004F5B32 /* PostsViewModel.swift in Sources */ = {isa = PBXBuildFile; fileRef = B3EB670229706AA1004F5B32 /* PostsViewModel.swift */; };
		B3EB670629706B00004F5B32 /* PostsRepository.swift in Sources */ = {isa = PBXBuildFile; fileRef = B3EB670529706B00004F5B32 /* PostsRepository.swift */; };
		B3EB670929706CE3004F5B32 /* Loadable.swift in Sources */ = {isa = PBXBuildFile; fileRef = B3EB670829706CE3004F5B32 /* Loadable.swift */; };
		B3EB670C29706D37004F5B32 /* EmptyListView.swift in Sources */ = {isa = PBXBuildFile; fileRef = B3EB670B29706D37004F5B32 /* EmptyListView.swift */; };
		B3EB670E29706F09004F5B32 /* Alert+Error.swift in Sources */ = {isa = PBXBuildFile; fileRef = B3EB670D29706F09004F5B32 /* Alert+Error.swift */; };
		B3EB6710297070CA004F5B32 /* PostRowViewModel.swift in Sources */ = {isa = PBXBuildFile; fileRef = B3EB670F297070CA004F5B32 /* PostRowViewModel.swift */; };
		B3EB671229707378004F5B32 /* MainTabView.swift in Sources */ = {isa = PBXBuildFile; fileRef = B3EB671129707378004F5B32 /* MainTabView.swift */; };
		B3EB6715297075FD004F5B32 /* FirebaseAuth in Frameworks */ = {isa = PBXBuildFile; productRef = B3EB6714297075FD004F5B32 /* FirebaseAuth */; };
		B3EB67182970766C004F5B32 /* AuthService.swift in Sources */ = {isa = PBXBuildFile; fileRef = B3EB67172970766C004F5B32 /* AuthService.swift */; };
		B3EB671A297076BE004F5B32 /* AuthViewModel.swift in Sources */ = {isa = PBXBuildFile; fileRef = B3EB6719297076BE004F5B32 /* AuthViewModel.swift */; };
		B3EB671C297076D9004F5B32 /* AuthView.swift in Sources */ = {isa = PBXBuildFile; fileRef = B3EB671B297076D9004F5B32 /* AuthView.swift */; };
		B3EB671E29707715004F5B32 /* ProfileView.swift in Sources */ = {isa = PBXBuildFile; fileRef = B3EB671D29707715004F5B32 /* ProfileView.swift */; };
		B3EB672029707742004F5B32 /* FormViewModel.swift in Sources */ = {isa = PBXBuildFile; fileRef = B3EB671F29707742004F5B32 /* FormViewModel.swift */; };
		B3EB672229707888004F5B32 /* PrimaryButtonStyle.swift in Sources */ = {isa = PBXBuildFile; fileRef = B3EB672129707888004F5B32 /* PrimaryButtonStyle.swift */; };
		B3EB672429707A6E004F5B32 /* User.swift in Sources */ = {isa = PBXBuildFile; fileRef = B3EB672329707A6E004F5B32 /* User.swift */; };
		B3EB672629707B05004F5B32 /* ViewModelFactory.swift in Sources */ = {isa = PBXBuildFile; fileRef = B3EB672529707B05004F5B32 /* ViewModelFactory.swift */; };
		B3EB672829708023004F5B32 /* Comment.swift in Sources */ = {isa = PBXBuildFile; fileRef = B3EB672729708023004F5B32 /* Comment.swift */; };
		B3EB672A29708043004F5B32 /* CommentsRepository.swift in Sources */ = {isa = PBXBuildFile; fileRef = B3EB672929708043004F5B32 /* CommentsRepository.swift */; };
		B3EB672C2970807B004F5B32 /* Firestore+Extensions.swift in Sources */ = {isa = PBXBuildFile; fileRef = B3EB672B2970807B004F5B32 /* Firestore+Extensions.swift */; };
		B3EB672E297080CC004F5B32 /* CommentsViewModel.swift in Sources */ = {isa = PBXBuildFile; fileRef = B3EB672D297080CC004F5B32 /* CommentsViewModel.swift */; };
		B3EB6730297080EC004F5B32 /* CommentsList.swift in Sources */ = {isa = PBXBuildFile; fileRef = B3EB672F297080EC004F5B32 /* CommentsList.swift */; };
		B3EB673229708108004F5B32 /* CommentRow.swift in Sources */ = {isa = PBXBuildFile; fileRef = B3EB673129708108004F5B32 /* CommentRow.swift */; };
		B3EB67342970814D004F5B32 /* CommentRowViewModel.swift in Sources */ = {isa = PBXBuildFile; fileRef = B3EB67332970814D004F5B32 /* CommentRowViewModel.swift */; };
		B3EB67362970817D004F5B32 /* StateManager.swift in Sources */ = {isa = PBXBuildFile; fileRef = B3EB67352970817D004F5B32 /* StateManager.swift */; };
		B3EB6738297088FB004F5B32 /* StorageFile.swift in Sources */ = {isa = PBXBuildFile; fileRef = B3EB6737297088FB004F5B32 /* StorageFile.swift */; };
		B3EB673A29708927004F5B32 /* ImagePickerButton.swift in Sources */ = {isa = PBXBuildFile; fileRef = B3EB673929708927004F5B32 /* ImagePickerButton.swift */; };
		B3EB673C29708D1A004F5B32 /* ProfileViewModel.swift in Sources */ = {isa = PBXBuildFile; fileRef = B3EB673B29708D1A004F5B32 /* ProfileViewModel.swift */; };
		B3EB673E29708D9F004F5B32 /* ProfileImage.swift in Sources */ = {isa = PBXBuildFile; fileRef = B3EB673D29708D9F004F5B32 /* ProfileImage.swift */; };
/* End PBXBuildFile section */

/* Begin PBXFileReference section */
		B3EB66D429705FEE004F5B32 /* Void.app */ = {isa = PBXFileReference; explicitFileType = wrapper.application; includeInIndex = 0; path = Void.app; sourceTree = BUILT_PRODUCTS_DIR; };
		B3EB66D729705FEE004F5B32 /* VoidApp.swift */ = {isa = PBXFileReference; lastKnownFileType = sourcecode.swift; path = VoidApp.swift; sourceTree = "<group>"; };
		B3EB66DB29705FF0004F5B32 /* Assets.xcassets */ = {isa = PBXFileReference; lastKnownFileType = folder.assetcatalog; path = Assets.xcassets; sourceTree = "<group>"; };
		B3EB66DE29705FF0004F5B32 /* Preview Assets.xcassets */ = {isa = PBXFileReference; lastKnownFileType = folder.assetcatalog; path = "Preview Assets.xcassets"; sourceTree = "<group>"; };
		B3EB66F42970628D004F5B32 /* GoogleService-Info.plist */ = {isa = PBXFileReference; fileEncoding = 4; lastKnownFileType = text.plist.xml; path = "GoogleService-Info.plist"; sourceTree = "<group>"; };
		B3EB66F929706402004F5B32 /* Post.swift */ = {isa = PBXFileReference; lastKnownFileType = sourcecode.swift; path = Post.swift; sourceTree = "<group>"; };
		B3EB66FB29706428004F5B32 /* PostsList.swift */ = {isa = PBXFileReference; lastKnownFileType = sourcecode.swift; path = PostsList.swift; sourceTree = "<group>"; };
		B3EB66FD29706455004F5B32 /* PostRow.swift */ = {isa = PBXFileReference; lastKnownFileType = sourcecode.swift; path = PostRow.swift; sourceTree = "<group>"; };
		B3EB66FF29706A25004F5B32 /* NewPostForm.swift */ = {isa = PBXFileReference; lastKnownFileType = sourcecode.swift; path = NewPostForm.swift; sourceTree = "<group>"; };
		B3EB670229706AA1004F5B32 /* PostsViewModel.swift */ = {isa = PBXFileReference; lastKnownFileType = sourcecode.swift; path = PostsViewModel.swift; sourceTree = "<group>"; };
		B3EB670529706B00004F5B32 /* PostsRepository.swift */ = {isa = PBXFileReference; lastKnownFileType = sourcecode.swift; path = PostsRepository.swift; sourceTree = "<group>"; };
		B3EB670829706CE3004F5B32 /* Loadable.swift */ = {isa = PBXFileReference; lastKnownFileType = sourcecode.swift; path = Loadable.swift; sourceTree = "<group>"; };
		B3EB670B29706D37004F5B32 /* EmptyListView.swift */ = {isa = PBXFileReference; lastKnownFileType = sourcecode.swift; path = EmptyListView.swift; sourceTree = "<group>"; };
		B3EB670D29706F09004F5B32 /* Alert+Error.swift */ = {isa = PBXFileReference; lastKnownFileType = sourcecode.swift; path = "Alert+Error.swift"; sourceTree = "<group>"; };
		B3EB670F297070CA004F5B32 /* PostRowViewModel.swift */ = {isa = PBXFileReference; lastKnownFileType = sourcecode.swift; path = PostRowViewModel.swift; sourceTree = "<group>"; };
		B3EB671129707378004F5B32 /* MainTabView.swift */ = {isa = PBXFileReference; lastKnownFileType = sourcecode.swift; path = MainTabView.swift; sourceTree = "<group>"; };
		B3EB67172970766C004F5B32 /* AuthService.swift */ = {isa = PBXFileReference; lastKnownFileType = sourcecode.swift; path = AuthService.swift; sourceTree = "<group>"; };
		B3EB6719297076BE004F5B32 /* AuthViewModel.swift */ = {isa = PBXFileReference; lastKnownFileType = sourcecode.swift; path = AuthViewModel.swift; sourceTree = "<group>"; };
		B3EB671B297076D9004F5B32 /* AuthView.swift */ = {isa = PBXFileReference; lastKnownFileType = sourcecode.swift; path = AuthView.swift; sourceTree = "<group>"; };
		B3EB671D29707715004F5B32 /* ProfileView.swift */ = {isa = PBXFileReference; lastKnownFileType = sourcecode.swift; path = ProfileView.swift; sourceTree = "<group>"; };
		B3EB671F29707742004F5B32 /* FormViewModel.swift */ = {isa = PBXFileReference; lastKnownFileType = sourcecode.swift; path = FormViewModel.swift; sourceTree = "<group>"; };
		B3EB672129707888004F5B32 /* PrimaryButtonStyle.swift */ = {isa = PBXFileReference; lastKnownFileType = sourcecode.swift; path = PrimaryButtonStyle.swift; sourceTree = "<group>"; };
		B3EB672329707A6E004F5B32 /* User.swift */ = {isa = PBXFileReference; lastKnownFileType = sourcecode.swift; path = User.swift; sourceTree = "<group>"; };
		B3EB672529707B05004F5B32 /* ViewModelFactory.swift */ = {isa = PBXFileReference; lastKnownFileType = sourcecode.swift; path = ViewModelFactory.swift; sourceTree = "<group>"; };
		B3EB672729708023004F5B32 /* Comment.swift */ = {isa = PBXFileReference; lastKnownFileType = sourcecode.swift; path = Comment.swift; sourceTree = "<group>"; };
		B3EB672929708043004F5B32 /* CommentsRepository.swift */ = {isa = PBXFileReference; lastKnownFileType = sourcecode.swift; path = CommentsRepository.swift; sourceTree = "<group>"; };
		B3EB672B2970807B004F5B32 /* Firestore+Extensions.swift */ = {isa = PBXFileReference; lastKnownFileType = sourcecode.swift; path = "Firestore+Extensions.swift"; sourceTree = "<group>"; };
		B3EB672D297080CC004F5B32 /* CommentsViewModel.swift */ = {isa = PBXFileReference; lastKnownFileType = sourcecode.swift; path = CommentsViewModel.swift; sourceTree = "<group>"; };
		B3EB672F297080EC004F5B32 /* CommentsList.swift */ = {isa = PBXFileReference; lastKnownFileType = sourcecode.swift; path = CommentsList.swift; sourceTree = "<group>"; };
		B3EB673129708108004F5B32 /* CommentRow.swift */ = {isa = PBXFileReference; lastKnownFileType = sourcecode.swift; path = CommentRow.swift; sourceTree = "<group>"; };
		B3EB67332970814D004F5B32 /* CommentRowViewModel.swift */ = {isa = PBXFileReference; lastKnownFileType = sourcecode.swift; path = CommentRowViewModel.swift; sourceTree = "<group>"; };
		B3EB67352970817D004F5B32 /* StateManager.swift */ = {isa = PBXFileReference; lastKnownFileType = sourcecode.swift; path = StateManager.swift; sourceTree = "<group>"; };
		B3EB6737297088FB004F5B32 /* StorageFile.swift */ = {isa = PBXFileReference; lastKnownFileType = sourcecode.swift; path = StorageFile.swift; sourceTree = "<group>"; };
		B3EB673929708927004F5B32 /* ImagePickerButton.swift */ = {isa = PBXFileReference; lastKnownFileType = sourcecode.swift; path = ImagePickerButton.swift; sourceTree = "<group>"; };
		B3EB673B29708D1A004F5B32 /* ProfileViewModel.swift */ = {isa = PBXFileReference; lastKnownFileType = sourcecode.swift; path = ProfileViewModel.swift; sourceTree = "<group>"; };
		B3EB673D29708D9F004F5B32 /* ProfileImage.swift */ = {isa = PBXFileReference; lastKnownFileType = sourcecode.swift; path = ProfileImage.swift; sourceTree = "<group>"; };
/* End PBXFileReference section */

/* Begin PBXFrameworksBuildPhase section */
		B3EB66D129705FEE004F5B32 /* Frameworks */ = {
			isa = PBXFrameworksBuildPhase;
			buildActionMask = 2147483647;
			files = (
				B3EB66ED29706135004F5B32 /* FirebaseDatabaseSwift in Frameworks */,
				B3EB66EB29706135004F5B32 /* FirebaseDatabase in Frameworks */,
				B3EB66E929706135004F5B32 /* FirebaseAnalyticsSwift in Frameworks */,
				B3EB66EF29706135004F5B32 /* FirebaseFirestore in Frameworks */,
				B3EB66F329706135004F5B32 /* FirebaseStorage in Frameworks */,
				B3EB66E729706135004F5B32 /* FirebaseAnalytics in Frameworks */,
				B3EB66F129706135004F5B32 /* FirebaseFirestoreSwift in Frameworks */,
				B3EB6715297075FD004F5B32 /* FirebaseAuth in Frameworks */,
			);
			runOnlyForDeploymentPostprocessing = 0;
		};
/* End PBXFrameworksBuildPhase section */

/* Begin PBXGroup section */
		B3EB66CB29705FEE004F5B32 = {
			isa = PBXGroup;
			children = (
				B3EB66D629705FEE004F5B32 /* Void */,
				B3EB66D529705FEE004F5B32 /* Products */,
				B3EB6713297075FD004F5B32 /* Frameworks */,
			);
			sourceTree = "<group>";
		};
		B3EB66D529705FEE004F5B32 /* Products */ = {
			isa = PBXGroup;
			children = (
				B3EB66D429705FEE004F5B32 /* Void.app */,
			);
			name = Products;
			sourceTree = "<group>";
		};
		B3EB66D629705FEE004F5B32 /* Void */ = {
			isa = PBXGroup;
			children = (
				B3EB66F8297063D8004F5B32 /* Models */,
				B3EB670429706AE4004F5B32 /* Repositories */,
				B3EB66F729706374004F5B32 /* Resources */,
				B3EB671629707625004F5B32 /* Services */,
				B3EB66D729705FEE004F5B32 /* VoidApp.swift */,
				B3EB670A29706D19004F5B32 /* Supporting Views */,
				B3EB670729706CCA004F5B32 /* Utilities */,
				B3EB670129706A76004F5B32 /* View Models */,
				B3EB66F629706363004F5B32 /* Views */,
			);
			path = Void;
			sourceTree = "<group>";
		};
		B3EB66DD29705FF0004F5B32 /* Preview Content */ = {
			isa = PBXGroup;
			children = (
				B3EB66DE29705FF0004F5B32 /* Preview Assets.xcassets */,
			);
			path = "Preview Content";
			sourceTree = "<group>";
		};
		B3EB66F629706363004F5B32 /* Views */ = {
			isa = PBXGroup;
			children = (
				B3EB66FB29706428004F5B32 /* PostsList.swift */,
				B3EB66FD29706455004F5B32 /* PostRow.swift */,
				B3EB66FF29706A25004F5B32 /* NewPostForm.swift */,
				B3EB671129707378004F5B32 /* MainTabView.swift */,
				B3EB671B297076D9004F5B32 /* AuthView.swift */,
				B3EB671D29707715004F5B32 /* ProfileView.swift */,
				B3EB672F297080EC004F5B32 /* CommentsList.swift */,
				B3EB673129708108004F5B32 /* CommentRow.swift */,
			);
			path = Views;
			sourceTree = "<group>";
		};
		B3EB66F729706374004F5B32 /* Resources */ = {
			isa = PBXGroup;
			children = (
				B3EB66F42970628D004F5B32 /* GoogleService-Info.plist */,
				B3EB66DB29705FF0004F5B32 /* Assets.xcassets */,
				B3EB66DD29705FF0004F5B32 /* Preview Content */,
			);
			path = Resources;
			sourceTree = "<group>";
		};
		B3EB66F8297063D8004F5B32 /* Models */ = {
			isa = PBXGroup;
			children = (
				B3EB66F929706402004F5B32 /* Post.swift */,
				B3EB672329707A6E004F5B32 /* User.swift */,
				B3EB672729708023004F5B32 /* Comment.swift */,
			);
			path = Models;
			sourceTree = "<group>";
		};
		B3EB670129706A76004F5B32 /* View Models */ = {
			isa = PBXGroup;
			children = (
				B3EB670229706AA1004F5B32 /* PostsViewModel.swift */,
				B3EB670F297070CA004F5B32 /* PostRowViewModel.swift */,
				B3EB6719297076BE004F5B32 /* AuthViewModel.swift */,
				B3EB671F29707742004F5B32 /* FormViewModel.swift */,
				B3EB672529707B05004F5B32 /* ViewModelFactory.swift */,
				B3EB672D297080CC004F5B32 /* CommentsViewModel.swift */,
				B3EB67332970814D004F5B32 /* CommentRowViewModel.swift */,
				B3EB673B29708D1A004F5B32 /* ProfileViewModel.swift */,
			);
			path = "View Models";
			sourceTree = "<group>";
		};
		B3EB670429706AE4004F5B32 /* Repositories */ = {
			isa = PBXGroup;
			children = (
				B3EB670529706B00004F5B32 /* PostsRepository.swift */,
				B3EB672929708043004F5B32 /* CommentsRepository.swift */,
			);
			path = Repositories;
			sourceTree = "<group>";
		};
		B3EB670729706CCA004F5B32 /* Utilities */ = {
			isa = PBXGroup;
			children = (
				B3EB670829706CE3004F5B32 /* Loadable.swift */,
				B3EB672B2970807B004F5B32 /* Firestore+Extensions.swift */,
				B3EB67352970817D004F5B32 /* StateManager.swift */,
				B3EB6737297088FB004F5B32 /* StorageFile.swift */,
			);
			path = Utilities;
			sourceTree = "<group>";
		};
		B3EB670A29706D19004F5B32 /* Supporting Views */ = {
			isa = PBXGroup;
			children = (
				B3EB670B29706D37004F5B32 /* EmptyListView.swift */,
				B3EB670D29706F09004F5B32 /* Alert+Error.swift */,
				B3EB672129707888004F5B32 /* PrimaryButtonStyle.swift */,
				B3EB673929708927004F5B32 /* ImagePickerButton.swift */,
				B3EB673D29708D9F004F5B32 /* ProfileImage.swift */,
			);
			path = "Supporting Views";
			sourceTree = "<group>";
		};
		B3EB6713297075FD004F5B32 /* Frameworks */ = {
			isa = PBXGroup;
			children = (
			);
			name = Frameworks;
			sourceTree = "<group>";
		};
		B3EB671629707625004F5B32 /* Services */ = {
			isa = PBXGroup;
			children = (
				B3EB67172970766C004F5B32 /* AuthService.swift */,
			);
			path = Services;
			sourceTree = "<group>";
		};
/* End PBXGroup section */

/* Begin PBXNativeTarget section */
		B3EB66D329705FEE004F5B32 /* Void */ = {
			isa = PBXNativeTarget;
			buildConfigurationList = B3EB66E229705FF0004F5B32 /* Build configuration list for PBXNativeTarget "Void" */;
			buildPhases = (
				B3EB66D029705FEE004F5B32 /* Sources */,
				B3EB66D129705FEE004F5B32 /* Frameworks */,
				B3EB66D229705FEE004F5B32 /* Resources */,
			);
			buildRules = (
			);
			dependencies = (
			);
			name = Void;
			packageProductDependencies = (
				B3EB66E629706135004F5B32 /* FirebaseAnalytics */,
				B3EB66E829706135004F5B32 /* FirebaseAnalyticsSwift */,
				B3EB66EA29706135004F5B32 /* FirebaseDatabase */,
				B3EB66EC29706135004F5B32 /* FirebaseDatabaseSwift */,
				B3EB66EE29706135004F5B32 /* FirebaseFirestore */,
				B3EB66F029706135004F5B32 /* FirebaseFirestoreSwift */,
				B3EB66F229706135004F5B32 /* FirebaseStorage */,
				B3EB6714297075FD004F5B32 /* FirebaseAuth */,
			);
			productName = Void;
			productReference = B3EB66D429705FEE004F5B32 /* Void.app */;
			productType = "com.apple.product-type.application";
		};
/* End PBXNativeTarget section */

/* Begin PBXProject section */
		B3EB66CC29705FEE004F5B32 /* Project object */ = {
			isa = PBXProject;
			attributes = {
				BuildIndependentTargetsInParallel = 1;
				LastSwiftUpdateCheck = 1420;
				LastUpgradeCheck = 1420;
				TargetAttributes = {
					B3EB66D329705FEE004F5B32 = {
						CreatedOnToolsVersion = 14.2;
					};
				};
			};
			buildConfigurationList = B3EB66CF29705FEE004F5B32 /* Build configuration list for PBXProject "Void" */;
			compatibilityVersion = "Xcode 14.0";
			developmentRegion = en;
			hasScannedForEncodings = 0;
			knownRegions = (
				en,
				Base,
			);
			mainGroup = B3EB66CB29705FEE004F5B32;
			packageReferences = (
				B3EB66E529706135004F5B32 /* XCRemoteSwiftPackageReference "firebase-ios-sdk" */,
			);
			productRefGroup = B3EB66D529705FEE004F5B32 /* Products */;
			projectDirPath = "";
			projectRoot = "";
			targets = (
				B3EB66D329705FEE004F5B32 /* Void */,
			);
		};
/* End PBXProject section */

/* Begin PBXResourcesBuildPhase section */
		B3EB66D229705FEE004F5B32 /* Resources */ = {
			isa = PBXResourcesBuildPhase;
			buildActionMask = 2147483647;
			files = (
				B3EB66DF29705FF0004F5B32 /* Preview Assets.xcassets in Resources */,
				B3EB66DC29705FF0004F5B32 /* Assets.xcassets in Resources */,
				B3EB66F52970628F004F5B32 /* GoogleService-Info.plist in Resources */,
			);
			runOnlyForDeploymentPostprocessing = 0;
		};
/* End PBXResourcesBuildPhase section */

/* Begin PBXSourcesBuildPhase section */
		B3EB66D029705FEE004F5B32 /* Sources */ = {
			isa = PBXSourcesBuildPhase;
			buildActionMask = 2147483647;
			files = (
				B3EB672229707888004F5B32 /* PrimaryButtonStyle.swift in Sources */,
				B3EB673E29708D9F004F5B32 /* ProfileImage.swift in Sources */,
				B3EB67362970817D004F5B32 /* StateManager.swift in Sources */,
				B3EB672A29708043004F5B32 /* CommentsRepository.swift in Sources */,
				B3EB6710297070CA004F5B32 /* PostRowViewModel.swift in Sources */,
				B3EB66FA29706402004F5B32 /* Post.swift in Sources */,
				B3EB67342970814D004F5B32 /* CommentRowViewModel.swift in Sources */,
				B3EB673229708108004F5B32 /* CommentRow.swift in Sources */,
				B3EB66FE29706455004F5B32 /* PostRow.swift in Sources */,
				B3EB670629706B00004F5B32 /* PostsRepository.swift in Sources */,
				B3EB670329706AA1004F5B32 /* PostsViewModel.swift in Sources */,
				B3EB66D829705FEE004F5B32 /* VoidApp.swift in Sources */,
				B3EB673A29708927004F5B32 /* ImagePickerButton.swift in Sources */,
				B3EB673C29708D1A004F5B32 /* ProfileViewModel.swift in Sources */,
				B3EB67182970766C004F5B32 /* AuthService.swift in Sources */,
				B3EB6730297080EC004F5B32 /* CommentsList.swift in Sources */,
				B3EB670929706CE3004F5B32 /* Loadable.swift in Sources */,
				B3EB6738297088FB004F5B32 /* StorageFile.swift in Sources */,
				B3EB671E29707715004F5B32 /* ProfileView.swift in Sources */,
				B3EB672829708023004F5B32 /* Comment.swift in Sources */,
				B3EB672E297080CC004F5B32 /* CommentsViewModel.swift in Sources */,
				B3EB66FC29706428004F5B32 /* PostsList.swift in Sources */,
				B3EB670E29706F09004F5B32 /* Alert+Error.swift in Sources */,
				B3EB671A297076BE004F5B32 /* AuthViewModel.swift in Sources */,
				B3EB672629707B05004F5B32 /* ViewModelFactory.swift in Sources */,
				B3EB671C297076D9004F5B32 /* AuthView.swift in Sources */,
				B3EB670029706A25004F5B32 /* NewPostForm.swift in Sources */,
				B3EB672029707742004F5B32 /* FormViewModel.swift in Sources */,
				B3EB672C2970807B004F5B32 /* Firestore+Extensions.swift in Sources */,
				B3EB670C29706D37004F5B32 /* EmptyListView.swift in Sources */,
				B3EB671229707378004F5B32 /* MainTabView.swift in Sources */,
				B3EB672429707A6E004F5B32 /* User.swift in Sources */,
			);
			runOnlyForDeploymentPostprocessing = 0;
		};
/* End PBXSourcesBuildPhase section */

/* Begin XCBuildConfiguration section */
		B3EB66E029705FF0004F5B32 /* Debug */ = {
			isa = XCBuildConfiguration;
			buildSettings = {
				ALWAYS_SEARCH_USER_PATHS = NO;
				CLANG_ANALYZER_NONNULL = YES;
				CLANG_ANALYZER_NUMBER_OBJECT_CONVERSION = YES_AGGRESSIVE;
				CLANG_CXX_LANGUAGE_STANDARD = "gnu++20";
				CLANG_ENABLE_MODULES = YES;
				CLANG_ENABLE_OBJC_ARC = YES;
				CLANG_ENABLE_OBJC_WEAK = YES;
				CLANG_WARN_BLOCK_CAPTURE_AUTORELEASING = YES;
				CLANG_WARN_BOOL_CONVERSION = YES;
				CLANG_WARN_COMMA = YES;
				CLANG_WARN_CONSTANT_CONVERSION = YES;
				CLANG_WARN_DEPRECATED_OBJC_IMPLEMENTATIONS = YES;
				CLANG_WARN_DIRECT_OBJC_ISA_USAGE = YES_ERROR;
				CLANG_WARN_DOCUMENTATION_COMMENTS = YES;
				CLANG_WARN_EMPTY_BODY = YES;
				CLANG_WARN_ENUM_CONVERSION = YES;
				CLANG_WARN_INFINITE_RECURSION = YES;
				CLANG_WARN_INT_CONVERSION = YES;
				CLANG_WARN_NON_LITERAL_NULL_CONVERSION = YES;
				CLANG_WARN_OBJC_IMPLICIT_RETAIN_SELF = YES;
				CLANG_WARN_OBJC_LITERAL_CONVERSION = YES;
				CLANG_WARN_OBJC_ROOT_CLASS = YES_ERROR;
				CLANG_WARN_QUOTED_INCLUDE_IN_FRAMEWORK_HEADER = YES;
				CLANG_WARN_RANGE_LOOP_ANALYSIS = YES;
				CLANG_WARN_STRICT_PROTOTYPES = YES;
				CLANG_WARN_SUSPICIOUS_MOVE = YES;
				CLANG_WARN_UNGUARDED_AVAILABILITY = YES_AGGRESSIVE;
				CLANG_WARN_UNREACHABLE_CODE = YES;
				CLANG_WARN__DUPLICATE_METHOD_MATCH = YES;
				COPY_PHASE_STRIP = NO;
				DEBUG_INFORMATION_FORMAT = dwarf;
				ENABLE_STRICT_OBJC_MSGSEND = YES;
				ENABLE_TESTABILITY = YES;
				GCC_C_LANGUAGE_STANDARD = gnu11;
				GCC_DYNAMIC_NO_PIC = NO;
				GCC_NO_COMMON_BLOCKS = YES;
				GCC_OPTIMIZATION_LEVEL = 0;
				GCC_PREPROCESSOR_DEFINITIONS = (
					"DEBUG=1",
					"$(inherited)",
				);
				GCC_WARN_64_TO_32_BIT_CONVERSION = YES;
				GCC_WARN_ABOUT_RETURN_TYPE = YES_ERROR;
				GCC_WARN_UNDECLARED_SELECTOR = YES;
				GCC_WARN_UNINITIALIZED_AUTOS = YES_AGGRESSIVE;
				GCC_WARN_UNUSED_FUNCTION = YES;
				GCC_WARN_UNUSED_VARIABLE = YES;
				IPHONEOS_DEPLOYMENT_TARGET = 16.2;
				MTL_ENABLE_DEBUG_INFO = INCLUDE_SOURCE;
				MTL_FAST_MATH = YES;
				ONLY_ACTIVE_ARCH = YES;
				SDKROOT = iphoneos;
				SWIFT_ACTIVE_COMPILATION_CONDITIONS = DEBUG;
				SWIFT_OPTIMIZATION_LEVEL = "-Onone";
			};
			name = Debug;
		};
		B3EB66E129705FF0004F5B32 /* Release */ = {
			isa = XCBuildConfiguration;
			buildSettings = {
				ALWAYS_SEARCH_USER_PATHS = NO;
				CLANG_ANALYZER_NONNULL = YES;
				CLANG_ANALYZER_NUMBER_OBJECT_CONVERSION = YES_AGGRESSIVE;
				CLANG_CXX_LANGUAGE_STANDARD = "gnu++20";
				CLANG_ENABLE_MODULES = YES;
				CLANG_ENABLE_OBJC_ARC = YES;
				CLANG_ENABLE_OBJC_WEAK = YES;
				CLANG_WARN_BLOCK_CAPTURE_AUTORELEASING = YES;
				CLANG_WARN_BOOL_CONVERSION = YES;
				CLANG_WARN_COMMA = YES;
				CLANG_WARN_CONSTANT_CONVERSION = YES;
				CLANG_WARN_DEPRECATED_OBJC_IMPLEMENTATIONS = YES;
				CLANG_WARN_DIRECT_OBJC_ISA_USAGE = YES_ERROR;
				CLANG_WARN_DOCUMENTATION_COMMENTS = YES;
				CLANG_WARN_EMPTY_BODY = YES;
				CLANG_WARN_ENUM_CONVERSION = YES;
				CLANG_WARN_INFINITE_RECURSION = YES;
				CLANG_WARN_INT_CONVERSION = YES;
				CLANG_WARN_NON_LITERAL_NULL_CONVERSION = YES;
				CLANG_WARN_OBJC_IMPLICIT_RETAIN_SELF = YES;
				CLANG_WARN_OBJC_LITERAL_CONVERSION = YES;
				CLANG_WARN_OBJC_ROOT_CLASS = YES_ERROR;
				CLANG_WARN_QUOTED_INCLUDE_IN_FRAMEWORK_HEADER = YES;
				CLANG_WARN_RANGE_LOOP_ANALYSIS = YES;
				CLANG_WARN_STRICT_PROTOTYPES = YES;
				CLANG_WARN_SUSPICIOUS_MOVE = YES;
				CLANG_WARN_UNGUARDED_AVAILABILITY = YES_AGGRESSIVE;
				CLANG_WARN_UNREACHABLE_CODE = YES;
				CLANG_WARN__DUPLICATE_METHOD_MATCH = YES;
				COPY_PHASE_STRIP = NO;
				DEBUG_INFORMATION_FORMAT = "dwarf-with-dsym";
				ENABLE_NS_ASSERTIONS = NO;
				ENABLE_STRICT_OBJC_MSGSEND = YES;
				GCC_C_LANGUAGE_STANDARD = gnu11;
				GCC_NO_COMMON_BLOCKS = YES;
				GCC_WARN_64_TO_32_BIT_CONVERSION = YES;
				GCC_WARN_ABOUT_RETURN_TYPE = YES_ERROR;
				GCC_WARN_UNDECLARED_SELECTOR = YES;
				GCC_WARN_UNINITIALIZED_AUTOS = YES_AGGRESSIVE;
				GCC_WARN_UNUSED_FUNCTION = YES;
				GCC_WARN_UNUSED_VARIABLE = YES;
				IPHONEOS_DEPLOYMENT_TARGET = 16.2;
				MTL_ENABLE_DEBUG_INFO = NO;
				MTL_FAST_MATH = YES;
				SDKROOT = iphoneos;
				SWIFT_COMPILATION_MODE = wholemodule;
				SWIFT_OPTIMIZATION_LEVEL = "-O";
				VALIDATE_PRODUCT = YES;
			};
			name = Release;
		};
		B3EB66E329705FF0004F5B32 /* Debug */ = {
			isa = XCBuildConfiguration;
			buildSettings = {
				ASSETCATALOG_COMPILER_APPICON_NAME = AppIcon;
				ASSETCATALOG_COMPILER_GLOBAL_ACCENT_COLOR_NAME = AccentColor;
				CODE_SIGN_STYLE = Automatic;
				CURRENT_PROJECT_VERSION = 1;
				DEVELOPMENT_ASSET_PATHS = "Void/Resources/Preview\\ Content";
				DEVELOPMENT_TEAM = U2M3Q868WN;
				ENABLE_PREVIEWS = YES;
				GENERATE_INFOPLIST_FILE = YES;
				INFOPLIST_KEY_NSCameraUsageDescription = "This lets you add photos to your profile and posts";
				INFOPLIST_KEY_UIApplicationSceneManifest_Generation = YES;
				INFOPLIST_KEY_UIApplicationSupportsIndirectInputEvents = YES;
				INFOPLIST_KEY_UILaunchScreen_Generation = YES;
				INFOPLIST_KEY_UISupportedInterfaceOrientations_iPad = "UIInterfaceOrientationPortrait UIInterfaceOrientationPortraitUpsideDown UIInterfaceOrientationLandscapeLeft UIInterfaceOrientationLandscapeRight";
				INFOPLIST_KEY_UISupportedInterfaceOrientations_iPhone = "UIInterfaceOrientationPortrait UIInterfaceOrientationLandscapeLeft UIInterfaceOrientationLandscapeRight";
				IPHONEOS_DEPLOYMENT_TARGET = 16.2;
				LD_RUNPATH_SEARCH_PATHS = (
					"$(inherited)",
					"@executable_path/Frameworks",
				);
				MARKETING_VERSION = 1.0;
				PRODUCT_BUNDLE_IDENTIFIER = com.ChristianWilson.Void;
				PRODUCT_NAME = "$(TARGET_NAME)";
				SWIFT_EMIT_LOC_STRINGS = YES;
				SWIFT_VERSION = 5.0;
				TARGETED_DEVICE_FAMILY = "1,2";
			};
			name = Debug;
		};
		B3EB66E429705FF0004F5B32 /* Release */ = {
			isa = XCBuildConfiguration;
			buildSettings = {
				ASSETCATALOG_COMPILER_APPICON_NAME = AppIcon;
				ASSETCATALOG_COMPILER_GLOBAL_ACCENT_COLOR_NAME = AccentColor;
				CODE_SIGN_STYLE = Automatic;
				CURRENT_PROJECT_VERSION = 1;
				DEVELOPMENT_ASSET_PATHS = "Void/Resources/Preview\\ Content";
				DEVELOPMENT_TEAM = U2M3Q868WN;
				ENABLE_PREVIEWS = YES;
				GENERATE_INFOPLIST_FILE = YES;
				INFOPLIST_KEY_NSCameraUsageDescription = "This lets you add photos to your profile and posts";
				INFOPLIST_KEY_UIApplicationSceneManifest_Generation = YES;
				INFOPLIST_KEY_UIApplicationSupportsIndirectInputEvents = YES;
				INFOPLIST_KEY_UILaunchScreen_Generation = YES;
				INFOPLIST_KEY_UISupportedInterfaceOrientations_iPad = "UIInterfaceOrientationPortrait UIInterfaceOrientationPortraitUpsideDown UIInterfaceOrientationLandscapeLeft UIInterfaceOrientationLandscapeRight";
				INFOPLIST_KEY_UISupportedInterfaceOrientations_iPhone = "UIInterfaceOrientationPortrait UIInterfaceOrientationLandscapeLeft UIInterfaceOrientationLandscapeRight";
				IPHONEOS_DEPLOYMENT_TARGET = 16.2;
				LD_RUNPATH_SEARCH_PATHS = (
					"$(inherited)",
					"@executable_path/Frameworks",
				);
				MARKETING_VERSION = 1.0;
				PRODUCT_BUNDLE_IDENTIFIER = com.ChristianWilson.Void;
				PRODUCT_NAME = "$(TARGET_NAME)";
				SWIFT_EMIT_LOC_STRINGS = YES;
				SWIFT_VERSION = 5.0;
				TARGETED_DEVICE_FAMILY = "1,2";
			};
			name = Release;
		};
/* End XCBuildConfiguration section */

/* Begin XCConfigurationList section */
		B3EB66CF29705FEE004F5B32 /* Build configuration list for PBXProject "Void" */ = {
			isa = XCConfigurationList;
			buildConfigurations = (
				B3EB66E029705FF0004F5B32 /* Debug */,
				B3EB66E129705FF0004F5B32 /* Release */,
			);
			defaultConfigurationIsVisible = 0;
			defaultConfigurationName = Release;
		};
		B3EB66E229705FF0004F5B32 /* Build configuration list for PBXNativeTarget "Void" */ = {
			isa = XCConfigurationList;
			buildConfigurations = (
				B3EB66E329705FF0004F5B32 /* Debug */,
				B3EB66E429705FF0004F5B32 /* Release */,
			);
			defaultConfigurationIsVisible = 0;
			defaultConfigurationName = Release;
		};
/* End XCConfigurationList section */

/* Begin XCRemoteSwiftPackageReference section */
		B3EB66E529706135004F5B32 /* XCRemoteSwiftPackageReference "firebase-ios-sdk" */ = {
			isa = XCRemoteSwiftPackageReference;
			repositoryURL = "https://github.com/firebase/firebase-ios-sdk.git";
			requirement = {
				kind = upToNextMajorVersion;
				minimumVersion = 9.0.0;
			};
		};
/* End XCRemoteSwiftPackageReference section */

/* Begin XCSwiftPackageProductDependency section */
		B3EB66E629706135004F5B32 /* FirebaseAnalytics */ = {
			isa = XCSwiftPackageProductDependency;
			package = B3EB66E529706135004F5B32 /* XCRemoteSwiftPackageReference "firebase-ios-sdk" */;
			productName = FirebaseAnalytics;
		};
		B3EB66E829706135004F5B32 /* FirebaseAnalyticsSwift */ = {
			isa = XCSwiftPackageProductDependency;
			package = B3EB66E529706135004F5B32 /* XCRemoteSwiftPackageReference "firebase-ios-sdk" */;
			productName = FirebaseAnalyticsSwift;
		};
		B3EB66EA29706135004F5B32 /* FirebaseDatabase */ = {
			isa = XCSwiftPackageProductDependency;
			package = B3EB66E529706135004F5B32 /* XCRemoteSwiftPackageReference "firebase-ios-sdk" */;
			productName = FirebaseDatabase;
		};
		B3EB66EC29706135004F5B32 /* FirebaseDatabaseSwift */ = {
			isa = XCSwiftPackageProductDependency;
			package = B3EB66E529706135004F5B32 /* XCRemoteSwiftPackageReference "firebase-ios-sdk" */;
			productName = FirebaseDatabaseSwift;
		};
		B3EB66EE29706135004F5B32 /* FirebaseFirestore */ = {
			isa = XCSwiftPackageProductDependency;
			package = B3EB66E529706135004F5B32 /* XCRemoteSwiftPackageReference "firebase-ios-sdk" */;
			productName = FirebaseFirestore;
		};
		B3EB66F029706135004F5B32 /* FirebaseFirestoreSwift */ = {
			isa = XCSwiftPackageProductDependency;
			package = B3EB66E529706135004F5B32 /* XCRemoteSwiftPackageReference "firebase-ios-sdk" */;
			productName = FirebaseFirestoreSwift;
		};
		B3EB66F229706135004F5B32 /* FirebaseStorage */ = {
			isa = XCSwiftPackageProductDependency;
			package = B3EB66E529706135004F5B32 /* XCRemoteSwiftPackageReference "firebase-ios-sdk" */;
			productName = FirebaseStorage;
		};
		B3EB6714297075FD004F5B32 /* FirebaseAuth */ = {
			isa = XCSwiftPackageProductDependency;
			package = B3EB66E529706135004F5B32 /* XCRemoteSwiftPackageReference "firebase-ios-sdk" */;
			productName = FirebaseAuth;
		};
/* End XCSwiftPackageProductDependency section */
	};
	rootObject = B3EB66CC29705FEE004F5B32 /* Project object */;
}
